
Microsoft Visual Studio Solution File, Format Version 12.00
# Visual Studio 2012
Project("{D954291E-2A0B-460D-934E-DC6B0785DB48}") = "XamChat", "XamChat\XamChat.shproj", "{EACDD0E8-2C85-470F-A42B-C1987ACC5F75}"
EndProject
Project("{FAE04EC0-301F-11D3-BF4B-00C04F79EFBC}") = "XamChat.iOS", "iOS\XamChat.iOS.csproj", "{7701ED75-1542-4FDE-903C-5A0225A25BB5}"
EndProject
Project("{FAE04EC0-301F-11D3-BF4B-00C04F79EFBC}") = "XamChat.Droid", "Droid\XamChat.Droid.csproj", "{FFAF2175-1835-4C9F-B7EE-64759B533DC9}"
EndProject
Global
	GlobalSection(SolutionConfigurationPlatforms) = preSolution
		Debug|iPhoneSimulator = Debug|iPhoneSimulator
		Release|iPhone = Release|iPhone
		Release|iPhoneSimulator = Release|iPhoneSimulator
		Debug|iPhone = Debug|iPhone
		Debug|Any CPU = Debug|Any CPU
		Release|Any CPU = Release|Any CPU
	EndGlobalSection
	GlobalSection(ProjectConfigurationPlatforms) = postSolution
		{7701ED75-1542-4FDE-903C-5A0225A25BB5}.Debug|iPhoneSimulator.ActiveCfg = Debug|iPhoneSimulator
		{7701ED75-1542-4FDE-903C-5A0225A25BB5}.Debug|iPhoneSimulator.Build.0 = Debug|iPhoneSimulator
		{7701ED75-1542-4FDE-903C-5A0225A25BB5}.Release|iPhone.ActiveCfg = Release|iPhone
		{7701ED75-1542-4FDE-903C-5A0225A25BB5}.Release|iPhone.Build.0 = Release|iPhone
		{7701ED75-1542-4FDE-903C-5A0225A25BB5}.Release|iPhoneSimulator.ActiveCfg = Release|iPhoneSimulator
		{7701ED75-1542-4FDE-903C-5A0225A25BB5}.Release|iPhoneSimulator.Build.0 = Release|iPhoneSimulator
		{7701ED75-1542-4FDE-903C-5A0225A25BB5}.Debug|iPhone.ActiveCfg = Debug|iPhone
		{7701ED75-1542-4FDE-903C-5A0225A25BB5}.Debug|iPhone.Build.0 = Debug|iPhone
		{7701ED75-1542-4FDE-903C-5A0225A25BB5}.Debug|Any CPU.ActiveCfg = Debug|iPhoneSimulator
		{7701ED75-1542-4FDE-903C-5A0225A25BB5}.Debug|Any CPU.Build.0 = Debug|iPhoneSimulator
		{7701ED75-1542-4FDE-903C-5A0225A25BB5}.Release|Any CPU.ActiveCfg = Release|iPhone
		{7701ED75-1542-4FDE-903C-5A0225A25BB5}.Release|Any CPU.Build.0 = Release|iPhone
		{FFAF2175-1835-4C9F-B7EE-64759B533DC9}.Debug|iPhoneSimulator.ActiveCfg = Debug|Any CPU
		{FFAF2175-1835-4C9F-B7EE-64759B533DC9}.Debug|iPhoneSimulator.Build.0 = Debug|Any CPU
		{FFAF2175-1835-4C9F-B7EE-64759B533DC9}.Release|iPhone.ActiveCfg = Release|Any CPU
		{FFAF2175-1835-4C9F-B7EE-64759B533DC9}.Release|iPhone.Build.0 = Release|Any CPU
		{FFAF2175-1835-4C9F-B7EE-64759B533DC9}.Release|iPhoneSimulator.ActiveCfg = Release|Any CPU
		{FFAF2175-1835-4C9F-B7EE-64759B533DC9}.Release|iPhoneSimulator.Build.0 = Release|Any CPU
		{FFAF2175-1835-4C9F-B7EE-64759B533DC9}.Debug|iPhone.ActiveCfg = Debug|Any CPU
		{FFAF2175-1835-4C9F-B7EE-64759B533DC9}.Debug|iPhone.Build.0 = Debug|Any CPU
		{FFAF2175-1835-4C9F-B7EE-64759B533DC9}.Debug|Any CPU.ActiveCfg = Debug|Any CPU
		{FFAF2175-1835-4C9F-B7EE-64759B533DC9}.Debug|Any CPU.Build.0 = Debug|Any CPU
		{FFAF2175-1835-4C9F-B7EE-64759B533DC9}.Release|Any CPU.ActiveCfg = Release|Any CPU
		{FFAF2175-1835-4C9F-B7EE-64759B533DC9}.Release|Any CPU.Build.0 = Release|Any CPU
	EndGlobalSection
EndGlobal
